{
  "originHash" : "80d8fd6b5de628065b65ccd5952bd22a81c619c226d64bae2bbe9ffc2df635cf",
  "pins" : [
    {
      "identity" : "fido-sdk-ios",
      "kind" : "remoteSourceControl",
      "location" : "https://github.com/daoninc/fido-sdk-ios",
      "state" : {
        "revision" : "b76dc4cbe9c8252a4ca9b4ed3e80abadfc74d2f7",
        "version" : "4.10.46"
      }
    }
  ],
  "version" : 3
}
